<?xml version="1.0" encoding="utf-8"?>
<Project ToolsVersion="4.0" xmlns="http://schemas.microsoft.com/developer/msbuild/2003">
  <ItemGroup>
    <Filter Include="Исходные файлы">
      <UniqueIdentifier>{4FC737F1-C7A5-4376-A066-2A32D752A2FF}</UniqueIdentifier>
      <Extensions>cpp;c;cc;cxx;c++;cppm;ixx;def;odl;idl;hpj;bat;asm;asmx</Extensions>
    </Filter>
    <Filter Include="Файлы заголовков">
      <UniqueIdentifier>{93995380-89BD-4b04-88EB-625FBE52EBFB}</UniqueIdentifier>
      <Extensions>h;hh;hpp;hxx;h++;hm;inl;inc;ipp;xsd</Extensions>
    </Filter>
    <Filter Include="Файлы ресурсов">
      <UniqueIdentifier>{67DA6AB6-F800-4c08-8B7A-83BB121AAD01}</UniqueIdentifier>
      <Extensions>rc;ico;cur;bmp;dlg;rc2;rct;bin;rgs;gif;jpg;jpeg;jpe;resx;tiff;tif;png;wav;mfcribbon-ms</Extensions>
    </Filter>
    <Filter Include="Исходные файлы\Objects">
      <UniqueIdentifier>{2557ffae-3ae8-4f6d-be5d-887021f26d85}</UniqueIdentifier>
    </Filter>
    <Filter Include="Файлы заголовков\Objects">
      <UniqueIdentifier>{c3019014-ec16-4cae-a959-68323800da4b}</UniqueIdentifier>
    </Filter>
    <Filter Include="Исходные файлы\Main">
      <UniqueIdentifier>{1c96d181-ff42-4e30-b310-bd4c5078a29f}</UniqueIdentifier>
    </Filter>
    <Filter Include="Файлы заголовков\Main">
      <UniqueIdentifier>{c7ef3d26-73f4-424b-ad0c-b4f1fc8f6032}</UniqueIdentifier>
    </Filter>
    <Filter Include="Файлы заголовков\Vulcan">
      <UniqueIdentifier>{1890d02f-cf58-4cb0-a434-20494f19d587}</UniqueIdentifier>
    </Filter>
    <Filter Include="Исходные файлы\Vulcan">
      <UniqueIdentifier>{4585c767-7bd9-4438-a0ae-a9b820e756ed}</UniqueIdentifier>
    </Filter>
  </ItemGroup>
  <ItemGroup>
    <ClCompile Include="arrow.cpp">
      <Filter>Исходные файлы\Objects</Filter>
    </ClCompile>
    <ClCompile Include="main.cpp">
      <Filter>Исходные файлы\Main</Filter>
    </ClCompile>
    <ClCompile Include="plane.cpp">
      <Filter>Исходные файлы\Main</Filter>
    </ClCompile>
    <ClCompile Include="Vulkan.cpp">
      <Filter>Исходные файлы\Vulcan</Filter>
    </ClCompile>
  </ItemGroup>
  <ItemGroup>
    <ClInclude Include="arrow.h">
      <Filter>Файлы заголовков\Objects</Filter>
    </ClInclude>
    <ClInclude Include="plane.h">
      <Filter>Файлы заголовков\Main</Filter>
    </ClInclude>
    <ClInclude Include="vulkan.h">
      <Filter>Файлы заголовков\Vulcan</Filter>
    </ClInclude>
  </ItemGroup>
</Project>